<?xml version="1.0" encoding="utf-8"?>
<Project ToolsVersion="4.0" xmlns="http://schemas.microsoft.com/developer/msbuild/2003">
  <ItemGroup>
    <Filter Include="src">
      <UniqueIdentifier>{4FC737F1-C7A5-4376-A066-2A32D752A2FF}</UniqueIdentifier>
    </Filter>
    <Filter Include="src\core">
      <UniqueIdentifier>{93995380-89BD-4b04-88EB-625FBE52EBFB}</UniqueIdentifier>
    </Filter>
    <Filter Include="src\core\hooks">
      <UniqueIdentifier>{67DA6AB6-F800-4c08-8B7A-83BB121AAD01}</UniqueIdentifier>
    </Filter>
    <Filter Include="src\core\hotkey">
      <UniqueIdentifier>{B1E07A15-C2D0-4A70-A5A6-7F1A2B5F9D01}</UniqueIdentifier>
    </Filter>
    <Filter Include="src\renderer">
      <UniqueIdentifier>{D9B94F8C-3D32-4A4E-A7C4-B6D81E2F6A73}</UniqueIdentifier>
    </Filter>
    <Filter Include="src\gui">
      <UniqueIdentifier>{E1A2B3C4-D5E6-F7A8-B9C0-D1E2F3A4B5C6}</UniqueIdentifier>
    </Filter>
    <Filter Include="src\features">
      <UniqueIdentifier>{A1B2C3D4-E5F6-7890-ABCD-000000000001}</UniqueIdentifier>
    </Filter>
    <Filter Include="vendor">
      <UniqueIdentifier>{A1B2C3D4-E5F6-7890-ABCD-000000000002}</UniqueIdentifier>
    </Filter>
  </ItemGroup>
  <ItemGroup>
    <ClCompile Include="src\pch.cpp">
      <Filter>src</Filter>
    </ClCompile>
    <ClCompile Include="src\dllmain.cpp">
      <Filter>src</Filter>
    </ClCompile>
    <ClCompile Include="src\app.cpp">
      <Filter>src</Filter>
    </ClCompile>
    <ClCompile Include="src\core\hooks\dx12_hook.cpp">
      <Filter>src\core\hooks</Filter>
    </ClCompile>
    <ClCompile Include="src\renderer\dx12_renderer.cpp">
      <Filter>src\renderer</Filter>
    </ClCompile>
    <ClCompile Include="src\renderer\imgui_style.cpp">
      <Filter>src\renderer</Filter>
    </ClCompile>
    <ClCompile Include="src\gui\gui_manager.cpp">
      <Filter>src\gui</Filter>
    </ClCompile>
    <ClCompile Include="src\gui\widgets.cpp">
      <Filter>src\gui</Filter>
    </ClCompile>
    <ClCompile Include="src\features\fps_unlock.cpp">
      <Filter>src\features</Filter>
    </ClCompile>
    <ClCompile Include="src\features\free_camera.cpp">
      <Filter>src\features</Filter>
    </ClCompile>
    <ClCompile Include="vendor\safetyhook\safetyhook.cpp">
      <Filter>vendor</Filter>
    </ClCompile>
    <ClCompile Include="vendor\safetyhook\Zydis.c">
      <Filter>vendor</Filter>
    </ClCompile>
    <ClCompile Include="vendor\HookManager\HookManager.cpp">
      <Filter>vendor</Filter>
    </ClCompile>
    <ClCompile Include="vendor\Config\ConfigManager.cpp">
      <Filter>vendor</Filter>
    </ClCompile>
    <ClCompile Include="vendor\logger\logger.cpp">
      <Filter>vendor</Filter>
    </ClCompile>
    <ClCompile Include="vendor\Language\language.cpp">
      <Filter>vendor</Filter>
    </ClCompile>
    <ClCompile Include="external\imgui\imgui.cpp" />
    <ClCompile Include="external\imgui\imgui_draw.cpp" />
    <ClCompile Include="external\imgui\imgui_tables.cpp" />
    <ClCompile Include="external\imgui\imgui_widgets.cpp" />
    <ClCompile Include="external\imgui\imgui_demo.cpp" />
    <ClCompile Include="external\imgui\backends\imgui_impl_dx12.cpp" />
    <ClCompile Include="external\imgui\backends\imgui_impl_win32.cpp" />
    <ClCompile Include="src\core\hooks\dx11_hook.cpp">
      <Filter>src\core\hooks</Filter>
    </ClCompile>
    <ClCompile Include="src\core\hooks\opengl_hook.cpp">
      <Filter>src\core\hooks</Filter>
    </ClCompile>
    <ClCompile Include="src\renderer\dx11_renderer.cpp">
      <Filter>src\renderer</Filter>
    </ClCompile>
    <ClCompile Include="src\renderer\opengl_renderer.cpp">
      <Filter>src\renderer</Filter>
    </ClCompile>
    <ClCompile Include="external\imgui\backends\imgui_impl_dx11.cpp" />
    <ClCompile Include="external\imgui\backends\imgui_impl_opengl3.cpp" />
    <ClCompile Include="src\features\world_speed.cpp" />
  </ItemGroup>
  <ItemGroup>
    <ClInclude Include="src\pch.h">
      <Filter>src</Filter>
    </ClInclude>
    <ClInclude Include="src\app.h">
      <Filter>src</Filter>
    </ClInclude>
    <ClInclude Include="src\core\hooks\dx12_hook.h">
      <Filter>src\core\hooks</Filter>
    </ClInclude>
    <ClInclude Include="src\core\hotkey\hotkey_manager.h">
      <Filter>src\core\hotkey</Filter>
    </ClInclude>
    <ClInclude Include="src\renderer\dx12_renderer.h">
      <Filter>src\renderer</Filter>
    </ClInclude>
    <ClInclude Include="src\renderer\imgui_style.h">
      <Filter>src\renderer</Filter>
    </ClInclude>
    <ClInclude Include="src\gui\gui_manager.h">
      <Filter>src\gui</Filter>
    </ClInclude>
    <ClInclude Include="src\gui\widgets.h">
      <Filter>src\gui</Filter>
    </ClInclude>
    <ClInclude Include="src\features\feature_base.h">
      <Filter>src\features</Filter>
    </ClInclude>
    <ClInclude Include="src\features\fps_unlock.h">
      <Filter>src\features</Filter>
    </ClInclude>
    <ClInclude Include="src\features\free_camera.h">
      <Filter>src\features</Filter>
    </ClInclude>
    <ClInclude Include="vendor\HookManager\HookManager.h">
      <Filter>vendor</Filter>
    </ClInclude>
    <ClInclude Include="vendor\Config\ConfigManager.h">
      <Filter>vendor</Filter>
    </ClInclude>
    <ClInclude Include="vendor\Config\ConfigVar.h">
      <Filter>vendor</Filter>
    </ClInclude>
    <ClInclude Include="vendor\logger\logger.h">
      <Filter>vendor</Filter>
    </ClInclude>
    <ClInclude Include="vendor\Language\language.h">
      <Filter>vendor</Filter>
    </ClInclude>
    <ClInclude Include="vendor\UnityResolve.hpp">
      <Filter>vendor</Filter>
    </ClInclude>
    <ClInclude Include="vendor\xorstr.h">
      <Filter>vendor</Filter>
    </ClInclude>
    <ClInclude Include="src\gui\remixicon.hpp" />
    <ClInclude Include="vendor\safetyhook\safetyhook.hpp" />
    <ClInclude Include="vendor\safetyhook\Zydis.h" />
    <ClInclude Include="src\gui\icons.h" />
    <ClInclude Include="src\core\unity\unity_macros.h" />
    <ClInclude Include="src\core\unity\unity_types.h" />
    <ClInclude Include="src\core\hooks\dx11_hook.h">
      <Filter>src\core\hooks</Filter>
    </ClInclude>
    <ClInclude Include="src\core\hooks\opengl_hook.h">
      <Filter>src\core\hooks</Filter>
    </ClInclude>
    <ClInclude Include="src\renderer\dx11_renderer.h">
      <Filter>src\renderer</Filter>
    </ClInclude>
    <ClInclude Include="src\renderer\opengl_renderer.h">
      <Filter>src\renderer</Filter>
    </ClInclude>
    <ClInclude Include="src\features\world_speed.h" />
  </ItemGroup>
</Project>